
Microsoft Visual Studio Solution File, Format Version 12.00
# Visual Studio 15
VisualStudioVersion = 15.0.35213.121
MinimumVisualStudioVersion = 10.0.40219.1
Project("{FAE04EC0-301F-11D3-BF4B-00C04F79EFBC}") = "FlappyBird", "FlappyBird\FlappyBird.csproj", "{FF81C9C1-8D91-4831-8D2C-8601C21F7866}"
EndProject
Global
	GlobalSection(SolutionConfigurationPlatforms) = preSolution
		Debug|Any CPU = Debug|Any CPU
		Release|Any CPU = Release|Any CPU
	EndGlobalSection
	GlobalSection(ProjectConfigurationPlatforms) = postSolution
		{FF81C9C1-8D91-4831-8D2C-8601C21F7866}.Debug|Any CPU.ActiveCfg = Debug|Any CPU
		{FF81C9C1-8D91-4831-8D2C-8601C21F7866}.Debug|Any CPU.Build.0 = Debug|Any CPU
		{FF81C9C1-8D91-4831-8D2C-8601C21F7866}.Release|Any CPU.ActiveCfg = Release|Any CPU
		{FF81C9C1-8D91-4831-8D2C-8601C21F7866}.Release|Any CPU.Build.0 = Release|Any CPU
	EndGlobalSection
	GlobalSection(SolutionProperties) = preSolution
		HideSolutionNode = FALSE
	EndGlobalSection
	GlobalSection(ExtensibilityGlobals) = postSolution
		SolutionGuid = {4108B91C-FB06-46F0-8948-E2C57B549BCC}
	EndGlobalSection
EndGlobal
